
Microsoft Visual Studio Solution File, Format Version 12.00
# Visual Studio 15
VisualStudioVersion = 15.0.27428.2027
MinimumVisualStudioVersion = 10.0.40219.1
Project("{FAE04EC0-301F-11D3-BF4B-00C04F79EFBC}") = "Octave.NET.Examples.Basics", "Octave.NET.Examples\Octave.NET.Examples.Basics.csproj", "{B221A538-ADFA-4AD8-9510-FBB736C6A714}"
EndProject
Project("{FAE04EC0-301F-11D3-BF4B-00C04F79EFBC}") = "Octave.NET.Examples.Packages", "Octave.NET.Examples.Packages\Octave.NET.Examples.Packages.csproj", "{65CF2D2E-EC40-43FC-A643-F8940A33E145}"
EndProject
Global
	GlobalSection(SolutionConfigurationPlatforms) = preSolution
		Debug|Any CPU = Debug|Any CPU
		Release|Any CPU = Release|Any CPU
	EndGlobalSection
	GlobalSection(ProjectConfigurationPlatforms) = postSolution
		{B221A538-ADFA-4AD8-9510-FBB736C6A714}.Debug|Any CPU.ActiveCfg = Debug|Any CPU
		{B221A538-ADFA-4AD8-9510-FBB736C6A714}.Debug|Any CPU.Build.0 = Debug|Any CPU
		{B221A538-ADFA-4AD8-9510-FBB736C6A714}.Release|Any CPU.ActiveCfg = Release|Any CPU
		{B221A538-ADFA-4AD8-9510-FBB736C6A714}.Release|Any CPU.Build.0 = Release|Any CPU
		{65CF2D2E-EC40-43FC-A643-F8940A33E145}.Debug|Any CPU.ActiveCfg = Debug|Any CPU
		{65CF2D2E-EC40-43FC-A643-F8940A33E145}.Debug|Any CPU.Build.0 = Debug|Any CPU
		{65CF2D2E-EC40-43FC-A643-F8940A33E145}.Release|Any CPU.ActiveCfg = Release|Any CPU
		{65CF2D2E-EC40-43FC-A643-F8940A33E145}.Release|Any CPU.Build.0 = Release|Any CPU
	EndGlobalSection
	GlobalSection(SolutionProperties) = preSolution
		HideSolutionNode = FALSE
	EndGlobalSection
	GlobalSection(ExtensibilityGlobals) = postSolution
		SolutionGuid = {8BC2AC0C-25DD-478C-8D9A-65582B0FBC04}
	EndGlobalSection
EndGlobal
